{
    "_meta": {
        "hash": {
            "sha256": "ac2f5a29322e80e37fd0114191d4497bb91bc23d12dad6e5ac4e0923442d1186"
        },
        "pipfile-spec": 6,
        "requires": {
            "python_version": "3.11"
        },
        "sources": [
            {
                "name": "pypi",
                "url": "https://pypi.org/simple",
                "verify_ssl": true
            }
        ]
    },
    "default": {
        "dicom-anonymizer": {
            "hashes": [
                "sha256:cd4ddb656f96ebb67a987d2245a9de7d871f9e6942ab807989586a3131862392",
                "sha256:fc5763235c0115f47475acf1a84902c407ad781f5f9425ed65cd1322fb0d76f4"
            ],
            "index": "pypi",
            "markers": "python_version >= '3.6'",
            "version": "==1.0.13.post1"
        },
        "pydicom": {
            "hashes": [
                "sha256:90b4801d851ce65be3df520e16bbfa3d6c767cf2a3a3b1c18f6780e6b670b87a",
                "sha256:f9f8e19b78525be57aa6384484298833e4d06ac1d6226c79459131ddb0bd7c42"
            ],
            "markers": "python_version >= '3.7'",
            "version": "==2.4.4"
        },
        "tqdm": {
            "hashes": [
                "sha256:26445eca388f82e72884e0d580d5464cd801a3ea01e63e5601bdff9ba6a48de2",
                "sha256:f8aef9c52c08c13a65f30ea34f4e5aac3fd1a34959879d7e59e63027286627f2"
            ],
            "markers": "python_version >= '3.7'",
            "version": "==4.67.1"
        }
    },
    "develop": {}
}
